schema: '2.0'
stages:
  preprocess:
    cmd: poetry run python -c "import sys; sys.path.insert(0, 'src'); from
      recommender.pipelines.preprocess_pipeline import run_preprocess_pipeline;
      run_preprocess_pipeline()" --config configs/model.yaml
    deps:
    - path: configs/model.yaml
      hash: md5
      md5: e373bf84be03adc649475b4d4accd672
      size: 1327
    - path: data/raw/events.csv
      hash: md5
      md5: b2c06f552519442bddbd7c3bcc770123
      size: 96994015
    params:
      configs/model.yaml:
        model.min_interactions: 5
        model.processor: weighted
    outs:
    - path: data/processed/interactions.csv
      hash: md5
      md5: 8321e4e8e454055600cc4cd40aa9737b
      size: 44601414
    - path: data/processed/item2idx.json
      hash: md5
      md5: 6fb1892f9c2ef2b4eb95164403010886
      size: 1122476
    - path: data/processed/user2idx.json
      hash: md5
      md5: def5a7cbb53b57239ba87cae2c2b0ca0
      size: 1388405
  train:
    cmd: poetry run python -c "import sys; sys.path.insert(0, 'src'); from
      recommender.pipelines.train_pipeline import run_training_pipeline;
      run_training_pipeline(comprehensive=True)" --config configs/model.yaml
    deps:
    - path: configs/model.yaml
      hash: md5
      md5: e373bf84be03adc649475b4d4accd672
      size: 1327
    - path: data/processed/interactions.csv
      hash: md5
      md5: 8321e4e8e454055600cc4cd40aa9737b
      size: 44601414
    - path: data/processed/item2idx.json
      hash: md5
      md5: 6fb1892f9c2ef2b4eb95164403010886
      size: 1122476
    - path: data/processed/user2idx.json
      hash: md5
      md5: def5a7cbb53b57239ba87cae2c2b0ca0
      size: 1388405
    params:
      configs/model.yaml:
        model.batch_size: 1024
        model.epochs: 10
        model.hyperparams:
          embedding_dim: 64
          hidden_layers:
          - 128
          - 64
          - 32
          dropout: 0.2
        model.learning_rate: 0.001
        model.num_negatives: 4
        model.seed: 42
        model.type: ncf
    outs:
    - path: models/model.pt
      hash: md5
      md5: 3dc13978e8f22009cc864a9694531f8b
      size: 39442837
  evaluate:
    cmd: poetry run python -c "import sys; sys.path.insert(0, 'src'); from
      recommender.pipelines.evaluate_pipeline import run_evaluation_pipeline;
      run_evaluation_pipeline()" --config configs/model.yaml
    deps:
    - path: configs/model.yaml
      hash: md5
      md5: e373bf84be03adc649475b4d4accd672
      size: 1327
    - path: data/processed/interactions.csv
      hash: md5
      md5: 8321e4e8e454055600cc4cd40aa9737b
      size: 44601414
    - path: data/processed/item2idx.json
      hash: md5
      md5: 6fb1892f9c2ef2b4eb95164403010886
      size: 1122476
    - path: data/processed/user2idx.json
      hash: md5
      md5: def5a7cbb53b57239ba87cae2c2b0ca0
      size: 1388405
    - path: models/model.pt
      hash: md5
      md5: 3dc13978e8f22009cc864a9694531f8b
      size: 39442837
    outs:
    - path: reports/metrics.json
      hash: md5
      md5: baf0feb4b8c9992e5402283e560e5edf
      size: 5252
